
Microsoft Visual Studio Solution File, Format Version 12.00
# Visual Studio 15
VisualStudioVersion = 15.0.28307.902
MinimumVisualStudioVersion = 10.0.40219.1
Project("{FAE04EC0-301F-11D3-BF4B-00C04F79EFBC}") = "MiniStop", "MiniStop\MiniStop.csproj", "{0FA152B1-6FD8-40D3-B1EC-3FD07858B649}"
EndProject
Global
	GlobalSection(SolutionConfigurationPlatforms) = preSolution
		Debug|Any CPU = Debug|Any CPU
		Release|Any CPU = Release|Any CPU
	EndGlobalSection
	GlobalSection(ProjectConfigurationPlatforms) = postSolution
		{0FA152B1-6FD8-40D3-B1EC-3FD07858B649}.Debug|Any CPU.ActiveCfg = Debug|Any CPU
		{0FA152B1-6FD8-40D3-B1EC-3FD07858B649}.Debug|Any CPU.Build.0 = Debug|Any CPU
		{0FA152B1-6FD8-40D3-B1EC-3FD07858B649}.Release|Any CPU.ActiveCfg = Release|Any CPU
		{0FA152B1-6FD8-40D3-B1EC-3FD07858B649}.Release|Any CPU.Build.0 = Release|Any CPU
	EndGlobalSection
	GlobalSection(SolutionProperties) = preSolution
		HideSolutionNode = FALSE
	EndGlobalSection
	GlobalSection(ExtensibilityGlobals) = postSolution
		SolutionGuid = {4F688615-E8CF-463D-BBC2-95AB2CFA4785}
	EndGlobalSection
EndGlobal
